// !$*UTF8*$!
{
	archiveVersion = 1;
	classes = {
	};
	objectVersion = 56;
	objects = {

/* Begin PBXBuildFile section */
		9A71A63C116CEFAF6888864A /* KLMSiOSApp.swift in Sources */ = {isa = PBXBuildFile; fileRef = CCFC91A54F8E61DBE96D0EAD /* KLMSiOSApp.swift */; };
		E3AC2F44540AC98416CA61B1 /* AcademicTerm.swift in Sources */ = {isa = PBXBuildFile; fileRef = 79839660E3C2FE39271817F0 /* AcademicTerm.swift */; };
		64FE783DC5F36CEBBA1D365E /* AuthStatusPolicy.swift in Sources */ = {isa = PBXBuildFile; fileRef = 5A0F6D802507CA0F9AD9C43B /* AuthStatusPolicy.swift */; };
		E219E8FBD7FCF3D4662A8965 /* CredentialPersistence.swift in Sources */ = {isa = PBXBuildFile; fileRef = 071F8B508A718CE3D7BBF9B2 /* CredentialPersistence.swift */; };
		096BC951C30C1B66FE002E6A /* DashboardDataModels.swift in Sources */ = {isa = PBXBuildFile; fileRef = B949A5354F0E149D93C6B451 /* DashboardDataModels.swift */; };
		FF0B4A194CA86F235B2A012F /* DesignTokens.swift in Sources */ = {isa = PBXBuildFile; fileRef = 5710888CCAEA81F37BB627CB /* DesignTokens.swift */; };
		9AF17FD067A3DC3981FE6464 /* DisplayText.swift in Sources */ = {isa = PBXBuildFile; fileRef = D2B9D9C672FF46920F7E57E3 /* DisplayText.swift */; };
		8993D00CDDFF3916AE733F15 /* EngineSnapshot.swift in Sources */ = {isa = PBXBuildFile; fileRef = F0CA3DC8A3E5A9A234FFB47D /* EngineSnapshot.swift */; };
		FE967EBF8189F4F08A774C94 /* FileStatusModels.swift in Sources */ = {isa = PBXBuildFile; fileRef = 6F5913B07CB1075B6AA408A2 /* FileStatusModels.swift */; };
		2BD4062B3C19A31DEE677C85 /* JSONDefaults.swift in Sources */ = {isa = PBXBuildFile; fileRef = DD3B415FD6B1A9BBD6136DA8 /* JSONDefaults.swift */; };
		6BFCDE360FC3913C91EB27DE /* KLMSEngineCommand.swift in Sources */ = {isa = PBXBuildFile; fileRef = E3D260A5E2A3BC22FFA7A5BE /* KLMSEngineCommand.swift */; };
		02E5FDA80843AE92290F6025 /* KLMSPaths.swift in Sources */ = {isa = PBXBuildFile; fileRef = 02503DBC92037CC82CB6EF6A /* KLMSPaths.swift */; };
		0CE5157C5D0AB5940B150D5C /* LiveStatePolicies.swift in Sources */ = {isa = PBXBuildFile; fileRef = 33CE69EAB003CFDAE2DF5FB8 /* LiveStatePolicies.swift */; };
		AB2F5BF3E5559C8B3B5DEE97 /* RelayFileDownloadPolicy.swift in Sources */ = {isa = PBXBuildFile; fileRef = 0E2F8F27CDC15773AFF11B22 /* RelayFileDownloadPolicy.swift */; };
		EDC9B19650911890899BE869 /* RelaySnapshotStream.swift in Sources */ = {isa = PBXBuildFile; fileRef = 7EBD03DE94427C6AEC4F422E /* RelaySnapshotStream.swift */; };
		26661623768ED0F901BAA285 /* RemoteCommandModels.swift in Sources */ = {isa = PBXBuildFile; fileRef = 9F35142D565DA2720F7DE702 /* RemoteCommandModels.swift */; };
		DB479898BBFC9FE2B5B050FC /* SharedDisplayRules.swift in Sources */ = {isa = PBXBuildFile; fileRef = B2C2F26AB7575F1A38399A8F /* SharedDisplayRules.swift */; };
		2E2376C5B1F5FF3BCBBAF4E0 /* StateModels.swift in Sources */ = {isa = PBXBuildFile; fileRef = 0B54AEC78F353C95AC71C87D /* StateModels.swift */; };
		F91C82557730E749B99962D6 /* StatusModels.swift in Sources */ = {isa = PBXBuildFile; fileRef = 8E318B61DC0CEBCE08B1E7B2 /* StatusModels.swift */; };
		8C008ECF6427B421D48ABBC8 /* Assets.xcassets in Resources */ = {isa = PBXBuildFile; fileRef = BD43412BD4EE806E31C12F0E /* Assets.xcassets */; };
		53E201E995C07DA0FF484F66 /* KLMSiOSUITests.swift in Sources */ = {isa = PBXBuildFile; fileRef = ABBE9A1CA5A7C3943B281C52 /* KLMSiOSUITests.swift */; };
/* End PBXBuildFile section */

/* Begin PBXContainerItemProxy section */
		D6009375EA21560EA83A5947 /* PBXContainerItemProxy */ = {
			isa = PBXContainerItemProxy;
			containerPortal = 98F54143AB4E86B28C3AFEE0 /* Project object */;
			proxyType = 1;
			remoteGlobalIDString = 1AC0FC761C940DB652F96682;
			remoteInfo = KLMSiOS;
		};
/* End PBXContainerItemProxy section */

/* Begin PBXFileReference section */
		C3BEB3A18D594EEBF19A5C4E /* KLMSiOS.app */ = {isa = PBXFileReference; explicitFileType = wrapper.application; includeInIndex = 0; path = KLMSiOS.app; sourceTree = BUILT_PRODUCTS_DIR; };
		B2C157E37042A5486F2FD152 /* KLMSiOSUITests.xctest */ = {isa = PBXFileReference; explicitFileType = wrapper.cfbundle; includeInIndex = 0; path = KLMSiOSUITests.xctest; sourceTree = BUILT_PRODUCTS_DIR; };
		CCFC91A54F8E61DBE96D0EAD /* KLMSiOSApp.swift */ = {isa = PBXFileReference; lastKnownFileType = sourcecode.swift; name = "KLMSiOSApp.swift"; path = "../../Sources/KLMSiOS/KLMSiOSApp.swift"; sourceTree = "<group>"; };
		79839660E3C2FE39271817F0 /* AcademicTerm.swift */ = {isa = PBXFileReference; lastKnownFileType = sourcecode.swift; name = "AcademicTerm.swift"; path = "../../Sources/KLMSShared/AcademicTerm.swift"; sourceTree = "<group>"; };
		5A0F6D802507CA0F9AD9C43B /* AuthStatusPolicy.swift */ = {isa = PBXFileReference; lastKnownFileType = sourcecode.swift; name = "AuthStatusPolicy.swift"; path = "../../Sources/KLMSShared/AuthStatusPolicy.swift"; sourceTree = "<group>"; };
		071F8B508A718CE3D7BBF9B2 /* CredentialPersistence.swift */ = {isa = PBXFileReference; lastKnownFileType = sourcecode.swift; name = "CredentialPersistence.swift"; path = "../../Sources/KLMSShared/CredentialPersistence.swift"; sourceTree = "<group>"; };
		B949A5354F0E149D93C6B451 /* DashboardDataModels.swift */ = {isa = PBXFileReference; lastKnownFileType = sourcecode.swift; name = "DashboardDataModels.swift"; path = "../../Sources/KLMSShared/DashboardDataModels.swift"; sourceTree = "<group>"; };
		5710888CCAEA81F37BB627CB /* DesignTokens.swift */ = {isa = PBXFileReference; lastKnownFileType = sourcecode.swift; name = "DesignTokens.swift"; path = "../../Sources/KLMSShared/DesignTokens.swift"; sourceTree = "<group>"; };
		D2B9D9C672FF46920F7E57E3 /* DisplayText.swift */ = {isa = PBXFileReference; lastKnownFileType = sourcecode.swift; name = "DisplayText.swift"; path = "../../Sources/KLMSShared/DisplayText.swift"; sourceTree = "<group>"; };
		F0CA3DC8A3E5A9A234FFB47D /* EngineSnapshot.swift */ = {isa = PBXFileReference; lastKnownFileType = sourcecode.swift; name = "EngineSnapshot.swift"; path = "../../Sources/KLMSShared/EngineSnapshot.swift"; sourceTree = "<group>"; };
		6F5913B07CB1075B6AA408A2 /* FileStatusModels.swift */ = {isa = PBXFileReference; lastKnownFileType = sourcecode.swift; name = "FileStatusModels.swift"; path = "../../Sources/KLMSShared/FileStatusModels.swift"; sourceTree = "<group>"; };
		DD3B415FD6B1A9BBD6136DA8 /* JSONDefaults.swift */ = {isa = PBXFileReference; lastKnownFileType = sourcecode.swift; name = "JSONDefaults.swift"; path = "../../Sources/KLMSShared/JSONDefaults.swift"; sourceTree = "<group>"; };
		E3D260A5E2A3BC22FFA7A5BE /* KLMSEngineCommand.swift */ = {isa = PBXFileReference; lastKnownFileType = sourcecode.swift; name = "KLMSEngineCommand.swift"; path = "../../Sources/KLMSShared/KLMSEngineCommand.swift"; sourceTree = "<group>"; };
		02503DBC92037CC82CB6EF6A /* KLMSPaths.swift */ = {isa = PBXFileReference; lastKnownFileType = sourcecode.swift; name = "KLMSPaths.swift"; path = "../../Sources/KLMSShared/KLMSPaths.swift"; sourceTree = "<group>"; };
		33CE69EAB003CFDAE2DF5FB8 /* LiveStatePolicies.swift */ = {isa = PBXFileReference; lastKnownFileType = sourcecode.swift; name = "LiveStatePolicies.swift"; path = "../../Sources/KLMSShared/LiveStatePolicies.swift"; sourceTree = "<group>"; };
		0E2F8F27CDC15773AFF11B22 /* RelayFileDownloadPolicy.swift */ = {isa = PBXFileReference; lastKnownFileType = sourcecode.swift; name = "RelayFileDownloadPolicy.swift"; path = "../../Sources/KLMSShared/RelayFileDownloadPolicy.swift"; sourceTree = "<group>"; };
		7EBD03DE94427C6AEC4F422E /* RelaySnapshotStream.swift */ = {isa = PBXFileReference; lastKnownFileType = sourcecode.swift; name = "RelaySnapshotStream.swift"; path = "../../Sources/KLMSShared/RelaySnapshotStream.swift"; sourceTree = "<group>"; };
		9F35142D565DA2720F7DE702 /* RemoteCommandModels.swift */ = {isa = PBXFileReference; lastKnownFileType = sourcecode.swift; name = "RemoteCommandModels.swift"; path = "../../Sources/KLMSShared/RemoteCommandModels.swift"; sourceTree = "<group>"; };
		B2C2F26AB7575F1A38399A8F /* SharedDisplayRules.swift */ = {isa = PBXFileReference; lastKnownFileType = sourcecode.swift; name = "SharedDisplayRules.swift"; path = "../../Sources/KLMSShared/SharedDisplayRules.swift"; sourceTree = "<group>"; };
		0B54AEC78F353C95AC71C87D /* StateModels.swift */ = {isa = PBXFileReference; lastKnownFileType = sourcecode.swift; name = "StateModels.swift"; path = "../../Sources/KLMSShared/StateModels.swift"; sourceTree = "<group>"; };
		8E318B61DC0CEBCE08B1E7B2 /* StatusModels.swift */ = {isa = PBXFileReference; lastKnownFileType = sourcecode.swift; name = "StatusModels.swift"; path = "../../Sources/KLMSShared/StatusModels.swift"; sourceTree = "<group>"; };
		ABBE9A1CA5A7C3943B281C52 /* KLMSiOSUITests.swift */ = {isa = PBXFileReference; lastKnownFileType = sourcecode.swift; name = KLMSiOSUITests.swift; path = "KLMSiOSUITests/KLMSiOSUITests.swift"; sourceTree = "<group>"; };
		BD43412BD4EE806E31C12F0E /* Assets.xcassets */ = {isa = PBXFileReference; lastKnownFileType = folder.assetcatalog; path = KLMSiOS/Assets.xcassets; sourceTree = "<group>"; };
		44C84413CDED73749F63106D /* KLMSiOS.defaults.xcconfig */ = {isa = PBXFileReference; lastKnownFileType = text.xcconfig; name = KLMSiOS.defaults.xcconfig; path = "../../Config/KLMSiOS.defaults.xcconfig"; sourceTree = "<group>"; };
/* End PBXFileReference section */

/* Begin PBXFrameworksBuildPhase section */
		CF5BDB0BEAFE176F9629192A /* Frameworks */ = {isa = PBXFrameworksBuildPhase; buildActionMask = 2147483647; files = (); runOnlyForDeploymentPostprocessing = 0; };
		30DE61FEC0A925E047AA4739 /* Frameworks */ = {isa = PBXFrameworksBuildPhase; buildActionMask = 2147483647; files = (); runOnlyForDeploymentPostprocessing = 0; };
/* End PBXFrameworksBuildPhase section */

/* Begin PBXGroup section */
		ADCF10F76EBF2A74473E9DC4 = {
			isa = PBXGroup;
			children = (
				A86258D10EACDD04E3CF9C24 /* KLMSiOS */,
				0D56A8FBC26F5FF681C40D75 /* KLMSShared */,
				712854370D444B5477AB2CC5 /* KLMSiOSUITests */,
				00C45FD35CB0F9C5F764F070 /* Products */,
			);
			sourceTree = "<group>";
		};
		A86258D10EACDD04E3CF9C24 /* KLMSiOS */ = {
			isa = PBXGroup;
			children = (
				CCFC91A54F8E61DBE96D0EAD /* KLMSiOSApp.swift */,
				BD43412BD4EE806E31C12F0E /* Assets.xcassets */,
				44C84413CDED73749F63106D /* KLMSiOS.defaults.xcconfig */,
			);
			name = KLMSiOS;
			sourceTree = "<group>";
		};
		0D56A8FBC26F5FF681C40D75 /* KLMSShared */ = {
			isa = PBXGroup;
			children = (
				79839660E3C2FE39271817F0 /* AcademicTerm.swift */,
				5A0F6D802507CA0F9AD9C43B /* AuthStatusPolicy.swift */,
				071F8B508A718CE3D7BBF9B2 /* CredentialPersistence.swift */,
				B949A5354F0E149D93C6B451 /* DashboardDataModels.swift */,
				5710888CCAEA81F37BB627CB /* DesignTokens.swift */,
				D2B9D9C672FF46920F7E57E3 /* DisplayText.swift */,
				F0CA3DC8A3E5A9A234FFB47D /* EngineSnapshot.swift */,
				6F5913B07CB1075B6AA408A2 /* FileStatusModels.swift */,
				DD3B415FD6B1A9BBD6136DA8 /* JSONDefaults.swift */,
				E3D260A5E2A3BC22FFA7A5BE /* KLMSEngineCommand.swift */,
				02503DBC92037CC82CB6EF6A /* KLMSPaths.swift */,
				33CE69EAB003CFDAE2DF5FB8 /* LiveStatePolicies.swift */,
				0E2F8F27CDC15773AFF11B22 /* RelayFileDownloadPolicy.swift */,
				7EBD03DE94427C6AEC4F422E /* RelaySnapshotStream.swift */,
				9F35142D565DA2720F7DE702 /* RemoteCommandModels.swift */,
				B2C2F26AB7575F1A38399A8F /* SharedDisplayRules.swift */,
				0B54AEC78F353C95AC71C87D /* StateModels.swift */,
				8E318B61DC0CEBCE08B1E7B2 /* StatusModels.swift */,
			);
			name = KLMSShared;
			sourceTree = "<group>";
		};
		712854370D444B5477AB2CC5 /* KLMSiOSUITests */ = {
			isa = PBXGroup;
			children = (
				ABBE9A1CA5A7C3943B281C52 /* KLMSiOSUITests.swift */,
			);
			name = KLMSiOSUITests;
			sourceTree = "<group>";
		};
		00C45FD35CB0F9C5F764F070 /* Products */ = {
			isa = PBXGroup;
			children = (
				C3BEB3A18D594EEBF19A5C4E /* KLMSiOS.app */,
				B2C157E37042A5486F2FD152 /* KLMSiOSUITests.xctest */,
			);
			name = Products;
			sourceTree = "<group>";
		};
/* End PBXGroup section */

/* Begin PBXNativeTarget section */
		1AC0FC761C940DB652F96682 /* KLMSiOS */ = {
			isa = PBXNativeTarget;
			buildConfigurationList = 28481F935DF53F60AE719A46 /* Build configuration list for PBXNativeTarget "KLMSiOS" */;
			buildPhases = (
				1CDF2F71A52B082132B04DFF /* Sources */,
				CF5BDB0BEAFE176F9629192A /* Frameworks */,
				C02F1309AF4906C92F1EAD44 /* Resources */,
			);
			buildRules = ();
			dependencies = ();
			name = KLMSiOS;
			productName = KLMSiOS;
			productReference = C3BEB3A18D594EEBF19A5C4E /* KLMSiOS.app */;
			productType = "com.apple.product-type.application";
		};
		9472E130152D0A013A768282 /* KLMSiOSUITests */ = {
			isa = PBXNativeTarget;
			buildConfigurationList = E93D7BE007F10B1BD31EDB7A /* Build configuration list for PBXNativeTarget "KLMSiOSUITests" */;
			buildPhases = (
				B383F0E609AE5DE958DCB611 /* Sources */,
				30DE61FEC0A925E047AA4739 /* Frameworks */,
				E4632A5BD5C9C2C8F3088302 /* Resources */,
			);
			buildRules = ();
			dependencies = (
				5A9676940ADA44D8A4546D24 /* PBXTargetDependency */,
			);
			name = KLMSiOSUITests;
			productName = KLMSiOSUITests;
			productReference = B2C157E37042A5486F2FD152 /* KLMSiOSUITests.xctest */;
			productType = "com.apple.product-type.bundle.ui-testing";
		};
/* End PBXNativeTarget section */

/* Begin PBXProject section */
		98F54143AB4E86B28C3AFEE0 /* Project object */ = {
			isa = PBXProject;
			attributes = {
				BuildIndependentTargetsInParallel = 1;
				LastSwiftUpdateCheck = 1600;
				LastUpgradeCheck = 1600;
				TargetAttributes = {
					1AC0FC761C940DB652F96682 = {
						CreatedOnToolsVersion = 16.0;
					};
					9472E130152D0A013A768282 = {
						CreatedOnToolsVersion = 16.0;
						TestTargetID = 1AC0FC761C940DB652F96682;
					};
				};
			};
			buildConfigurationList = FCBE72429C0B1B8B87DC8CC9 /* Build configuration list for PBXProject "KLMSiOS" */;
			compatibilityVersion = "Xcode 14.0";
			developmentRegion = ko;
			hasScannedForEncodings = 0;
			knownRegions = (
				ko,
				en,
				Base,
			);
			mainGroup = ADCF10F76EBF2A74473E9DC4;
			productRefGroup = 00C45FD35CB0F9C5F764F070 /* Products */;
			projectDirPath = "";
			projectRoot = "";
			targets = (
				1AC0FC761C940DB652F96682 /* KLMSiOS */,
				9472E130152D0A013A768282 /* KLMSiOSUITests */,
			);
		};
/* End PBXProject section */

/* Begin PBXResourcesBuildPhase section */
		C02F1309AF4906C92F1EAD44 /* Resources */ = {isa = PBXResourcesBuildPhase; buildActionMask = 2147483647; files = (8C008ECF6427B421D48ABBC8 /* Assets.xcassets in Resources */,); runOnlyForDeploymentPostprocessing = 0; };
		E4632A5BD5C9C2C8F3088302 /* Resources */ = {isa = PBXResourcesBuildPhase; buildActionMask = 2147483647; files = (); runOnlyForDeploymentPostprocessing = 0; };
/* End PBXResourcesBuildPhase section */

/* Begin PBXSourcesBuildPhase section */
		1CDF2F71A52B082132B04DFF /* Sources */ = {
			isa = PBXSourcesBuildPhase;
			buildActionMask = 2147483647;
			files = (
				9A71A63C116CEFAF6888864A /* KLMSiOSApp.swift in Sources */,
				E3AC2F44540AC98416CA61B1 /* AcademicTerm.swift in Sources */,
				64FE783DC5F36CEBBA1D365E /* AuthStatusPolicy.swift in Sources */,
				E219E8FBD7FCF3D4662A8965 /* CredentialPersistence.swift in Sources */,
				096BC951C30C1B66FE002E6A /* DashboardDataModels.swift in Sources */,
				FF0B4A194CA86F235B2A012F /* DesignTokens.swift in Sources */,
				9AF17FD067A3DC3981FE6464 /* DisplayText.swift in Sources */,
				8993D00CDDFF3916AE733F15 /* EngineSnapshot.swift in Sources */,
				FE967EBF8189F4F08A774C94 /* FileStatusModels.swift in Sources */,
				2BD4062B3C19A31DEE677C85 /* JSONDefaults.swift in Sources */,
				6BFCDE360FC3913C91EB27DE /* KLMSEngineCommand.swift in Sources */,
				02E5FDA80843AE92290F6025 /* KLMSPaths.swift in Sources */,
				0CE5157C5D0AB5940B150D5C /* LiveStatePolicies.swift in Sources */,
				AB2F5BF3E5559C8B3B5DEE97 /* RelayFileDownloadPolicy.swift in Sources */,
				EDC9B19650911890899BE869 /* RelaySnapshotStream.swift in Sources */,
				26661623768ED0F901BAA285 /* RemoteCommandModels.swift in Sources */,
				DB479898BBFC9FE2B5B050FC /* SharedDisplayRules.swift in Sources */,
				2E2376C5B1F5FF3BCBBAF4E0 /* StateModels.swift in Sources */,
				F91C82557730E749B99962D6 /* StatusModels.swift in Sources */,
			);
			runOnlyForDeploymentPostprocessing = 0;
		};
		B383F0E609AE5DE958DCB611 /* Sources */ = {
			isa = PBXSourcesBuildPhase;
			buildActionMask = 2147483647;
			files = (
				53E201E995C07DA0FF484F66 /* KLMSiOSUITests.swift in Sources */,
			);
			runOnlyForDeploymentPostprocessing = 0;
		};
/* End PBXSourcesBuildPhase section */

/* Begin PBXTargetDependency section */
		5A9676940ADA44D8A4546D24 /* PBXTargetDependency */ = {
			isa = PBXTargetDependency;
			target = 1AC0FC761C940DB652F96682 /* KLMSiOS */;
			targetProxy = D6009375EA21560EA83A5947 /* PBXContainerItemProxy */;
		};
/* End PBXTargetDependency section */

/* Begin XCBuildConfiguration section */
		73BFC4993D558C2844970A56 /* Debug */ = {
			isa = XCBuildConfiguration;
			buildSettings = {
				ALWAYS_SEARCH_USER_PATHS = NO;
				CLANG_ANALYZER_NONNULL = YES;
				CLANG_ANALYZER_NUMBER_OBJECT_CONVERSION = YES_AGGRESSIVE;
				CLANG_CXX_LANGUAGE_STANDARD = "gnu++20";
				CLANG_ENABLE_MODULES = YES;
				CLANG_ENABLE_OBJC_ARC = YES;
				CLANG_ENABLE_OBJC_WEAK = YES;
				CLANG_WARN_BLOCK_CAPTURE_AUTORELEASING = YES;
				CLANG_WARN_BOOL_CONVERSION = YES;
				CLANG_WARN_COMMA = YES;
				CLANG_WARN_CONSTANT_CONVERSION = YES;
				CLANG_WARN_DEPRECATED_OBJC_IMPLEMENTATIONS = YES;
				CLANG_WARN_DIRECT_OBJC_ISA_USAGE = YES_ERROR;
				CLANG_WARN_DOCUMENTATION_COMMENTS = YES;
				CLANG_WARN_EMPTY_BODY = YES;
				CLANG_WARN_ENUM_CONVERSION = YES;
				CLANG_WARN_INFINITE_RECURSION = YES;
				CLANG_WARN_INT_CONVERSION = YES;
				CLANG_WARN_NON_LITERAL_NULL_CONVERSION = YES;
				CLANG_WARN_OBJC_IMPLICIT_RETAIN_SELF = YES;
				CLANG_WARN_OBJC_LITERAL_CONVERSION = YES;
				CLANG_WARN_OBJC_ROOT_CLASS = YES_ERROR;
				CLANG_WARN_QUOTED_INCLUDE_IN_FRAMEWORK_HEADER = YES;
				CLANG_WARN_RANGE_LOOP_ANALYSIS = YES;
				CLANG_WARN_STRICT_PROTOTYPES = YES;
				CLANG_WARN_SUSPICIOUS_MOVE = YES;
				CLANG_WARN_UNGUARDED_AVAILABILITY = YES_AGGRESSIVE;
				CLANG_WARN_UNREACHABLE_CODE = YES;
				CLANG_WARN__DUPLICATE_METHOD_MATCH = YES;
				COPY_PHASE_STRIP = NO;
				ENABLE_STRICT_OBJC_MSGSEND = YES;
				ENABLE_USER_SCRIPT_SANDBOXING = YES;
				GCC_C_LANGUAGE_STANDARD = gnu17;
				GCC_NO_COMMON_BLOCKS = YES;
				GCC_WARN_64_TO_32_BIT_CONVERSION = YES;
				GCC_WARN_ABOUT_RETURN_TYPE = YES_ERROR;
				GCC_WARN_UNDECLARED_SELECTOR = YES;
				GCC_WARN_UNINITIALIZED_AUTOS = YES_AGGRESSIVE;
				GCC_WARN_UNUSED_FUNCTION = YES;
				GCC_WARN_UNUSED_VARIABLE = YES;
				IPHONEOS_DEPLOYMENT_TARGET = 17.0;
				SDKROOT = iphoneos;
				SWIFT_VERSION = 6.0;
				DEBUG_INFORMATION_FORMAT = dwarf;
				ENABLE_TESTABILITY = YES;
				GCC_DYNAMIC_NO_PIC = NO;
				GCC_OPTIMIZATION_LEVEL = 0;
				GCC_PREPROCESSOR_DEFINITIONS = "DEBUG=1 $(inherited)";
				MTL_ENABLE_DEBUG_INFO = INCLUDE_SOURCE;
				MTL_FAST_MATH = YES;
				ONLY_ACTIVE_ARCH = YES;
				SWIFT_ACTIVE_COMPILATION_CONDITIONS = DEBUG;
				SWIFT_OPTIMIZATION_LEVEL = "-Onone";
			};
			name = Debug;
		};
		3C5BC6FE1E438E679FB7F74F /* Release */ = {
			isa = XCBuildConfiguration;
			buildSettings = {
				ALWAYS_SEARCH_USER_PATHS = NO;
				CLANG_ANALYZER_NONNULL = YES;
				CLANG_ANALYZER_NUMBER_OBJECT_CONVERSION = YES_AGGRESSIVE;
				CLANG_CXX_LANGUAGE_STANDARD = "gnu++20";
				CLANG_ENABLE_MODULES = YES;
				CLANG_ENABLE_OBJC_ARC = YES;
				CLANG_ENABLE_OBJC_WEAK = YES;
				CLANG_WARN_BLOCK_CAPTURE_AUTORELEASING = YES;
				CLANG_WARN_BOOL_CONVERSION = YES;
				CLANG_WARN_COMMA = YES;
				CLANG_WARN_CONSTANT_CONVERSION = YES;
				CLANG_WARN_DEPRECATED_OBJC_IMPLEMENTATIONS = YES;
				CLANG_WARN_DIRECT_OBJC_ISA_USAGE = YES_ERROR;
				CLANG_WARN_DOCUMENTATION_COMMENTS = YES;
				CLANG_WARN_EMPTY_BODY = YES;
				CLANG_WARN_ENUM_CONVERSION = YES;
				CLANG_WARN_INFINITE_RECURSION = YES;
				CLANG_WARN_INT_CONVERSION = YES;
				CLANG_WARN_NON_LITERAL_NULL_CONVERSION = YES;
				CLANG_WARN_OBJC_IMPLICIT_RETAIN_SELF = YES;
				CLANG_WARN_OBJC_LITERAL_CONVERSION = YES;
				CLANG_WARN_OBJC_ROOT_CLASS = YES_ERROR;
				CLANG_WARN_QUOTED_INCLUDE_IN_FRAMEWORK_HEADER = YES;
				CLANG_WARN_RANGE_LOOP_ANALYSIS = YES;
				CLANG_WARN_STRICT_PROTOTYPES = YES;
				CLANG_WARN_SUSPICIOUS_MOVE = YES;
				CLANG_WARN_UNGUARDED_AVAILABILITY = YES_AGGRESSIVE;
				CLANG_WARN_UNREACHABLE_CODE = YES;
				CLANG_WARN__DUPLICATE_METHOD_MATCH = YES;
				COPY_PHASE_STRIP = NO;
				ENABLE_STRICT_OBJC_MSGSEND = YES;
				ENABLE_USER_SCRIPT_SANDBOXING = YES;
				GCC_C_LANGUAGE_STANDARD = gnu17;
				GCC_NO_COMMON_BLOCKS = YES;
				GCC_WARN_64_TO_32_BIT_CONVERSION = YES;
				GCC_WARN_ABOUT_RETURN_TYPE = YES_ERROR;
				GCC_WARN_UNDECLARED_SELECTOR = YES;
				GCC_WARN_UNINITIALIZED_AUTOS = YES_AGGRESSIVE;
				GCC_WARN_UNUSED_FUNCTION = YES;
				GCC_WARN_UNUSED_VARIABLE = YES;
				IPHONEOS_DEPLOYMENT_TARGET = 17.0;
				SDKROOT = iphoneos;
				SWIFT_VERSION = 6.0;
				DEBUG_INFORMATION_FORMAT = "dwarf-with-dsym";
				ENABLE_NS_ASSERTIONS = NO;
				MTL_ENABLE_DEBUG_INFO = NO;
				MTL_FAST_MATH = YES;
				SWIFT_COMPILATION_MODE = wholemodule;
				VALIDATE_PRODUCT = YES;
			};
			name = Release;
		};
		A45358D7F57D12409C956205 /* Debug */ = {
			isa = XCBuildConfiguration;
			baseConfigurationReference = 44C84413CDED73749F63106D /* KLMSiOS.defaults.xcconfig */;
			buildSettings = {
				ASSETCATALOG_COMPILER_APPICON_NAME = AppIcon;
				ASSETCATALOG_COMPILER_GLOBAL_ACCENT_COLOR_NAME = AccentColor;
				CODE_SIGN_ENTITLEMENTS = "../../Config/KLMSiOS.entitlements";
				CODE_SIGN_STYLE = Automatic;
				CURRENT_PROJECT_VERSION = 1;
				DEVELOPMENT_TEAM = "$(KLMS_IOS_DEVELOPMENT_TEAM)";
				GENERATE_INFOPLIST_FILE = YES;
				INFOPLIST_KEY_CFBundleDisplayName = "KLMS Sync";
				INFOPLIST_KEY_LSApplicationCategoryType = "public.app-category.productivity";
				INFOPLIST_KEY_NSCalendarsFullAccessUsageDescription = "KLMS Sync가 이 기기 Calendar에서 KLMS 일정 등록, 수정, 삭제, 열기를 바로 처리하기 위해 Calendar 접근 권한을 사용합니다.";
				INFOPLIST_KEY_NSCalendarsUsageDescription = "KLMS Sync가 이 기기 Calendar에서 KLMS 일정 등록, 수정, 삭제, 열기를 바로 처리하기 위해 Calendar 접근 권한을 사용합니다.";
				INFOPLIST_KEY_NSLocalNetworkUsageDescription = "KLMS Sync가 같은 Wi-Fi 또는 개인 VPN의 Mac 앱에 동기화 실행 요청을 보내기 위해 로컬 네트워크를 사용합니다.";
				INFOPLIST_KEY_UIApplicationSceneManifest_Generation = YES;
				INFOPLIST_KEY_UIApplicationSupportsIndirectInputEvents = YES;
				INFOPLIST_KEY_UILaunchScreen_Generation = YES;
				INFOPLIST_KEY_UISupportedInterfaceOrientations_iPad = "UIInterfaceOrientationPortrait UIInterfaceOrientationPortraitUpsideDown UIInterfaceOrientationLandscapeLeft UIInterfaceOrientationLandscapeRight";
				INFOPLIST_KEY_UISupportedInterfaceOrientations_iPhone = "UIInterfaceOrientationPortrait UIInterfaceOrientationLandscapeLeft UIInterfaceOrientationLandscapeRight";
				IPHONEOS_DEPLOYMENT_TARGET = 17.0;
				LD_RUNPATH_SEARCH_PATHS = "$(inherited) @executable_path/Frameworks";
				MARKETING_VERSION = 0.1.0;
				PRODUCT_BUNDLE_IDENTIFIER = "$(KLMS_IOS_BUNDLE_IDENTIFIER)";
				PRODUCT_NAME = "$(TARGET_NAME)";
				SUPPORTED_PLATFORMS = "iphoneos iphonesimulator";
				SUPPORTS_MACCATALYST = NO;
				SUPPORTS_MAC_DESIGNED_FOR_IPHONE_IPAD = NO;
				SWIFT_EMIT_LOC_STRINGS = YES;
				SWIFT_VERSION = 6.0;
				TARGETED_DEVICE_FAMILY = "1,2";
				SWIFT_ACTIVE_COMPILATION_CONDITIONS = DEBUG;
			};
			name = Debug;
		};
		7A3CC3E65B4BE81911CE6871 /* Release */ = {
			isa = XCBuildConfiguration;
			baseConfigurationReference = 44C84413CDED73749F63106D /* KLMSiOS.defaults.xcconfig */;
			buildSettings = {
				ASSETCATALOG_COMPILER_APPICON_NAME = AppIcon;
				ASSETCATALOG_COMPILER_GLOBAL_ACCENT_COLOR_NAME = AccentColor;
				CODE_SIGN_ENTITLEMENTS = "../../Config/KLMSiOS.entitlements";
				CODE_SIGN_STYLE = Automatic;
				CURRENT_PROJECT_VERSION = 1;
				DEVELOPMENT_TEAM = "$(KLMS_IOS_DEVELOPMENT_TEAM)";
				GENERATE_INFOPLIST_FILE = YES;
				INFOPLIST_KEY_CFBundleDisplayName = "KLMS Sync";
				INFOPLIST_KEY_LSApplicationCategoryType = "public.app-category.productivity";
				INFOPLIST_KEY_NSCalendarsFullAccessUsageDescription = "KLMS Sync가 이 기기 Calendar에서 KLMS 일정 등록, 수정, 삭제, 열기를 바로 처리하기 위해 Calendar 접근 권한을 사용합니다.";
				INFOPLIST_KEY_NSCalendarsUsageDescription = "KLMS Sync가 이 기기 Calendar에서 KLMS 일정 등록, 수정, 삭제, 열기를 바로 처리하기 위해 Calendar 접근 권한을 사용합니다.";
				INFOPLIST_KEY_NSLocalNetworkUsageDescription = "KLMS Sync가 같은 Wi-Fi 또는 개인 VPN의 Mac 앱에 동기화 실행 요청을 보내기 위해 로컬 네트워크를 사용합니다.";
				INFOPLIST_KEY_UIApplicationSceneManifest_Generation = YES;
				INFOPLIST_KEY_UIApplicationSupportsIndirectInputEvents = YES;
				INFOPLIST_KEY_UILaunchScreen_Generation = YES;
				INFOPLIST_KEY_UISupportedInterfaceOrientations_iPad = "UIInterfaceOrientationPortrait UIInterfaceOrientationPortraitUpsideDown UIInterfaceOrientationLandscapeLeft UIInterfaceOrientationLandscapeRight";
				INFOPLIST_KEY_UISupportedInterfaceOrientations_iPhone = "UIInterfaceOrientationPortrait UIInterfaceOrientationLandscapeLeft UIInterfaceOrientationLandscapeRight";
				IPHONEOS_DEPLOYMENT_TARGET = 17.0;
				LD_RUNPATH_SEARCH_PATHS = "$(inherited) @executable_path/Frameworks";
				MARKETING_VERSION = 0.1.0;
				PRODUCT_BUNDLE_IDENTIFIER = "$(KLMS_IOS_BUNDLE_IDENTIFIER)";
				PRODUCT_NAME = "$(TARGET_NAME)";
				SUPPORTED_PLATFORMS = "iphoneos iphonesimulator";
				SUPPORTS_MACCATALYST = NO;
				SUPPORTS_MAC_DESIGNED_FOR_IPHONE_IPAD = NO;
				SWIFT_EMIT_LOC_STRINGS = YES;
				SWIFT_VERSION = 6.0;
				TARGETED_DEVICE_FAMILY = "1,2";
			};
			name = Release;
		};
		6323001F750A062BE71D6724 /* Debug */ = {
			isa = XCBuildConfiguration;
			baseConfigurationReference = 44C84413CDED73749F63106D /* KLMSiOS.defaults.xcconfig */;
			buildSettings = {
				ALWAYS_EMBED_SWIFT_STANDARD_LIBRARIES = YES;
				CODE_SIGN_STYLE = Automatic;
				CURRENT_PROJECT_VERSION = 1;
				DEVELOPMENT_TEAM = "$(KLMS_IOS_DEVELOPMENT_TEAM)";
				GENERATE_INFOPLIST_FILE = YES;
				INFOPLIST_KEY_CFBundleDisplayName = "KLMS Sync UI Tests";
				IPHONEOS_DEPLOYMENT_TARGET = 17.0;
				LD_RUNPATH_SEARCH_PATHS = "$(inherited) @executable_path/Frameworks @loader_path/Frameworks";
				MARKETING_VERSION = 0.1.0;
				PRODUCT_BUNDLE_IDENTIFIER = "$(KLMS_IOS_BUNDLE_IDENTIFIER).UITests";
				PRODUCT_NAME = "$(TARGET_NAME)";
				SUPPORTED_PLATFORMS = "iphoneos iphonesimulator";
				SUPPORTS_MACCATALYST = NO;
				SUPPORTS_MAC_DESIGNED_FOR_IPHONE_IPAD = NO;
				SWIFT_EMIT_LOC_STRINGS = NO;
				SWIFT_VERSION = 6.0;
				TARGETED_DEVICE_FAMILY = "1,2";
				TEST_TARGET_NAME = KLMSiOS;
				SWIFT_ACTIVE_COMPILATION_CONDITIONS = DEBUG;
			};
			name = Debug;
		};
		5C4756B205143746C7820C79 /* Release */ = {
			isa = XCBuildConfiguration;
			baseConfigurationReference = 44C84413CDED73749F63106D /* KLMSiOS.defaults.xcconfig */;
			buildSettings = {
				ALWAYS_EMBED_SWIFT_STANDARD_LIBRARIES = YES;
				CODE_SIGN_STYLE = Automatic;
				CURRENT_PROJECT_VERSION = 1;
				DEVELOPMENT_TEAM = "$(KLMS_IOS_DEVELOPMENT_TEAM)";
				GENERATE_INFOPLIST_FILE = YES;
				INFOPLIST_KEY_CFBundleDisplayName = "KLMS Sync UI Tests";
				IPHONEOS_DEPLOYMENT_TARGET = 17.0;
				LD_RUNPATH_SEARCH_PATHS = "$(inherited) @executable_path/Frameworks @loader_path/Frameworks";
				MARKETING_VERSION = 0.1.0;
				PRODUCT_BUNDLE_IDENTIFIER = "$(KLMS_IOS_BUNDLE_IDENTIFIER).UITests";
				PRODUCT_NAME = "$(TARGET_NAME)";
				SUPPORTED_PLATFORMS = "iphoneos iphonesimulator";
				SUPPORTS_MACCATALYST = NO;
				SUPPORTS_MAC_DESIGNED_FOR_IPHONE_IPAD = NO;
				SWIFT_EMIT_LOC_STRINGS = NO;
				SWIFT_VERSION = 6.0;
				TARGETED_DEVICE_FAMILY = "1,2";
				TEST_TARGET_NAME = KLMSiOS;
			};
			name = Release;
		};
/* End XCBuildConfiguration section */

/* Begin XCConfigurationList section */
		FCBE72429C0B1B8B87DC8CC9 /* Build configuration list for PBXProject "KLMSiOS" */ = {
			isa = XCConfigurationList;
			buildConfigurations = (
				73BFC4993D558C2844970A56 /* Debug */,
				3C5BC6FE1E438E679FB7F74F /* Release */,
			);
			defaultConfigurationIsVisible = 0;
			defaultConfigurationName = Release;
		};
		28481F935DF53F60AE719A46 /* Build configuration list for PBXNativeTarget "KLMSiOS" */ = {
			isa = XCConfigurationList;
			buildConfigurations = (
				A45358D7F57D12409C956205 /* Debug */,
				7A3CC3E65B4BE81911CE6871 /* Release */,
			);
			defaultConfigurationIsVisible = 0;
			defaultConfigurationName = Release;
		};
		E93D7BE007F10B1BD31EDB7A /* Build configuration list for PBXNativeTarget "KLMSiOSUITests" */ = {
			isa = XCConfigurationList;
			buildConfigurations = (
				6323001F750A062BE71D6724 /* Debug */,
				5C4756B205143746C7820C79 /* Release */,
			);
			defaultConfigurationIsVisible = 0;
			defaultConfigurationName = Release;
		};
/* End XCConfigurationList section */
	};
	rootObject = 98F54143AB4E86B28C3AFEE0 /* Project object */;
}
